<?xml version="1.0" encoding="utf-8"?>
<Project ToolsVersion="4.0" xmlns="http://schemas.microsoft.com/developer/msbuild/2003">
  <ItemGroup>
    <Filter Include="Source Files">
      <UniqueIdentifier>{4FC737F1-C7A5-4376-A066-2A32D752A2FF}</UniqueIdentifier>
      <Extensions>cpp;c;cc;cxx;def;odl;idl;hpj;bat;asm;asmx</Extensions>
    </Filter>
    <Filter Include="Header Files">
      <UniqueIdentifier>{93995380-89BD-4b04-88EB-625FBE52EBFB}</UniqueIdentifier>
      <Extensions>h;hpp;hxx;hm;inl;inc;xsd</Extensions>
    </Filter>
    <Filter Include="Resource Files">
      <UniqueIdentifier>{67DA6AB6-F800-4c08-8B7A-83BB121AAD01}</UniqueIdentifier>
      <Extensions>rc;ico;cur;bmp;dlg;rc2;rct;bin;rgs;gif;jpg;jpeg;jpe;resx;tiff;tif;png;wav</Extensions>
    </Filter>
  </ItemGroup>
  <ItemGroup>
    <ClCompile Include="stmpkg\core\Cpu.c">
      <Filter>Source Files</Filter>
    </ClCompile>
    <ClCompile Include="stmpkg\core\Dump.c">
      <Filter>Source Files</Filter>
    </ClCompile>
    <ClCompile Include="stmpkg\core\EventLog.c">
      <Filter>Source Files</Filter>
    </ClCompile>
    <ClCompile Include="stmpkg\core\StmPerformance.c">
      <Filter>Source Files</Filter>
    </ClCompile>
    <ClCompile Include="stmpkg\core\StmResource.c">
      <Filter>Source Files</Filter>
    </ClCompile>
    <ClCompile Include="stmpkg\core\VmcsRecord.c">
      <Filter>Source Files</Filter>
    </ClCompile>
    <ClCompile Include="stmpkg\core\init\EptInit.c">
      <Filter>Source Files</Filter>
    </ClCompile>
    <ClCompile Include="stmpkg\core\init\IoInit.c">
      <Filter>Source Files</Filter>
    </ClCompile>
    <ClCompile Include="stmpkg\core\init\Memory.c">
      <Filter>Source Files</Filter>
    </ClCompile>
    <ClCompile Include="stmpkg\core\init\MsrInit.c">
      <Filter>Source Files</Filter>
    </ClCompile>
    <ClCompile Include="stmpkg\core\init\Paging.c">
      <Filter>Source Files</Filter>
    </ClCompile>
    <ClCompile Include="stmpkg\core\init\Relocate.c">
      <Filter>Source Files</Filter>
    </ClCompile>
    <ClCompile Include="stmpkg\core\init\StmInit.c">
      <Filter>Source Files</Filter>
    </ClCompile>
    <ClCompile Include="stmpkg\core\init\VmcsInit.c">
      <Filter>Source Files</Filter>
    </ClCompile>
    <ClCompile Include="stmpkg\core\runtime\PageTable.c">
      <Filter>Source Files</Filter>
    </ClCompile>
    <ClCompile Include="stmpkg\core\runtime\SmiEventHandler.c">
      <Filter>Source Files</Filter>
    </ClCompile>
    <ClCompile Include="stmpkg\core\runtime\SmiHandler.c">
      <Filter>Source Files</Filter>
    </ClCompile>
    <ClCompile Include="stmpkg\core\runtime\SmiVmcallHandler.c">
      <Filter>Source Files</Filter>
    </ClCompile>
    <ClCompile Include="stmpkg\core\runtime\SmmCacheHandler.c">
      <Filter>Source Files</Filter>
    </ClCompile>
    <ClCompile Include="stmpkg\core\runtime\SmmCpuidHandler.c">
      <Filter>Source Files</Filter>
    </ClCompile>
    <ClCompile Include="stmpkg\core\runtime\SmmCrHandler.c">
      <Filter>Source Files</Filter>
    </ClCompile>
    <ClCompile Include="stmpkg\core\runtime\SmmEptHandler.c">
      <Filter>Source Files</Filter>
    </ClCompile>
    <ClCompile Include="stmpkg\core\runtime\SmmExceptionHandler.c">
      <Filter>Source Files</Filter>
    </ClCompile>
    <ClCompile Include="stmpkg\core\runtime\SmmHandler.c">
      <Filter>Source Files</Filter>
    </ClCompile>
    <ClCompile Include="stmpkg\core\runtime\SmmIoHandler.c">
      <Filter>Source Files</Filter>
    </ClCompile>
    <ClCompile Include="stmpkg\core\runtime\SmmMp.c">
      <Filter>Source Files</Filter>
    </ClCompile>
    <ClCompile Include="stmpkg\core\runtime\SmmMsrHandler.c">
      <Filter>Source Files</Filter>
    </ClCompile>
    <ClCompile Include="stmpkg\core\runtime\SmmRsmHandler.c">
      <Filter>Source Files</Filter>
    </ClCompile>
    <ClCompile Include="stmpkg\core\runtime\SmmSetup.c">
      <Filter>Source Files</Filter>
    </ClCompile>
    <ClCompile Include="stmpkg\core\runtime\SmmStateSync.c">
      <Filter>Source Files</Filter>
    </ClCompile>
    <ClCompile Include="stmpkg\core\runtime\SmmTaskSwitchHandler.c">
      <Filter>Source Files</Filter>
    </ClCompile>
    <ClCompile Include="stmpkg\core\runtime\SmmTearDown.c">
      <Filter>Source Files</Filter>
    </ClCompile>
    <ClCompile Include="stmpkg\core\runtime\SmmVmcallHandler.c">
      <Filter>Source Files</Filter>
    </ClCompile>
    <ClCompile Include="stmpkg\core\runtime\StmExceptionHandler.c">
      <Filter>Source Files</Filter>
    </ClCompile>
    <ClCompile Include="stmpkg\core\runtime\StmTearDown.c">
      <Filter>Source Files</Filter>
    </ClCompile>
    <ClCompile Include="stmpkg\core\runtime\ia32\SmmException.c">
      <Filter>Source Files</Filter>
    </ClCompile>
    <ClCompile Include="stmpkg\core\runtime\ia32\SmmStateSyncIa32eGpr.c">
      <Filter>Source Files</Filter>
    </ClCompile>
    <ClCompile Include="stmpkg\core\runtime\x64\SmmException.c">
      <Filter>Source Files</Filter>
    </ClCompile>
    <ClCompile Include="stmpkg\core\runtime\x64\SmmStateSyncIa32eGpr.c">
      <Filter>Source Files</Filter>
    </ClCompile>
    <ClCompile Include="stmpkg\edkii\basetools\source\c\common\BasePeCoff.c">
      <Filter>Source Files</Filter>
    </ClCompile>
    <ClCompile Include="stmpkg\edkii\basetools\source\c\common\BinderFuncs.c">
      <Filter>Source Files</Filter>
    </ClCompile>
    <ClCompile Include="stmpkg\edkii\basetools\source\c\common\CommonLib.c">
      <Filter>Source Files</Filter>
    </ClCompile>
    <ClCompile Include="stmpkg\edkii\basetools\source\c\common\Crc32.c">
      <Filter>Source Files</Filter>
    </ClCompile>
    <ClCompile Include="stmpkg\edkii\basetools\source\c\common\Decompress.c">
      <Filter>Source Files</Filter>
    </ClCompile>
    <ClCompile Include="stmpkg\edkii\basetools\source\c\common\EfiCompress.c">
      <Filter>Source Files</Filter>
    </ClCompile>
    <ClCompile Include="stmpkg\edkii\basetools\source\c\common\EfiUtilityMsgs.c">
      <Filter>Source Files</Filter>
    </ClCompile>
    <ClCompile Include="stmpkg\edkii\basetools\source\c\common\FirmwareVolumeBuffer.c">
      <Filter>Source Files</Filter>
    </ClCompile>
    <ClCompile Include="stmpkg\edkii\basetools\source\c\common\FvLib.c">
      <Filter>Source Files</Filter>
    </ClCompile>
    <ClCompile Include="stmpkg\edkii\basetools\source\c\common\MemoryFile.c">
      <Filter>Source Files</Filter>
    </ClCompile>
    <ClCompile Include="stmpkg\edkii\basetools\source\c\common\MyAlloc.c">
      <Filter>Source Files</Filter>
    </ClCompile>
    <ClCompile Include="stmpkg\edkii\basetools\source\c\common\OsPath.c">
      <Filter>Source Files</Filter>
    </ClCompile>
    <ClCompile Include="stmpkg\edkii\basetools\source\c\common\ParseGuidedSectionTools.c">
      <Filter>Source Files</Filter>
    </ClCompile>
    <ClCompile Include="stmpkg\edkii\basetools\source\c\common\ParseInf.c">
      <Filter>Source Files</Filter>
    </ClCompile>
    <ClCompile Include="stmpkg\edkii\basetools\source\c\common\PeCoffLoaderEx.c">
      <Filter>Source Files</Filter>
    </ClCompile>
    <ClCompile Include="stmpkg\edkii\basetools\source\c\common\SimpleFileParsing.c">
      <Filter>Source Files</Filter>
    </ClCompile>
    <ClCompile Include="stmpkg\edkii\basetools\source\c\common\StringFuncs.c">
      <Filter>Source Files</Filter>
    </ClCompile>
    <ClCompile Include="stmpkg\edkii\basetools\source\c\common\TianoCompress.c">
      <Filter>Source Files</Filter>
    </ClCompile>
    <ClCompile Include="stmpkg\edkii\basetools\source\c\genstm\GenStm.c">
      <Filter>Source Files</Filter>
    </ClCompile>
    <ClCompile Include="stmpkg\edkii\mdepkg\library\basedebuglibnull\DebugLib.c">
      <Filter>Source Files</Filter>
    </ClCompile>
    <ClCompile Include="stmpkg\edkii\mdepkg\library\baseiolibintrinsic\IoHighLevel.c">
      <Filter>Source Files</Filter>
    </ClCompile>
    <ClCompile Include="stmpkg\edkii\mdepkg\library\baseiolibintrinsic\IoLib.c">
      <Filter>Source Files</Filter>
    </ClCompile>
    <ClCompile Include="stmpkg\edkii\mdepkg\library\baseiolibintrinsic\IoLibGcc.c">
      <Filter>Source Files</Filter>
    </ClCompile>
    <ClCompile Include="stmpkg\edkii\mdepkg\library\baseiolibintrinsic\IoLibIcc.c">
      <Filter>Source Files</Filter>
    </ClCompile>
    <ClCompile Include="stmpkg\edkii\mdepkg\library\baseiolibintrinsic\IoLibMmioBuffer.c">
      <Filter>Source Files</Filter>
    </ClCompile>
    <ClCompile Include="stmpkg\edkii\mdepkg\library\baseiolibintrinsic\IoLibMsc.c">
      <Filter>Source Files</Filter>
    </ClCompile>
    <ClCompile Include="stmpkg\edkii\mdepkg\library\baselib\BitField.c">
      <Filter>Source Files</Filter>
    </ClCompile>
    <ClCompile Include="stmpkg\edkii\mdepkg\library\baselib\Cpu.c">
      <Filter>Source Files</Filter>
    </ClCompile>
    <ClCompile Include="stmpkg\edkii\mdepkg\library\baselib\CpuDeadLoop.c">
      <Filter>Source Files</Filter>
    </ClCompile>
    <ClCompile Include="stmpkg\edkii\mdepkg\library\baselib\DivU64x32.c">
      <Filter>Source Files</Filter>
    </ClCompile>
    <ClCompile Include="stmpkg\edkii\mdepkg\library\baselib\DivU64x32Remainder.c">
      <Filter>Source Files</Filter>
    </ClCompile>
    <ClCompile Include="stmpkg\edkii\mdepkg\library\baselib\LongJump.c">
      <Filter>Source Files</Filter>
    </ClCompile>
    <ClCompile Include="stmpkg\edkii\mdepkg\library\baselib\LShiftU64.c">
      <Filter>Source Files</Filter>
    </ClCompile>
    <ClCompile Include="stmpkg\edkii\mdepkg\library\baselib\Math64.c">
      <Filter>Source Files</Filter>
    </ClCompile>
    <ClCompile Include="stmpkg\edkii\mdepkg\library\baselib\MultU64x32.c">
      <Filter>Source Files</Filter>
    </ClCompile>
    <ClCompile Include="stmpkg\edkii\mdepkg\library\baselib\RShiftU64.c">
      <Filter>Source Files</Filter>
    </ClCompile>
    <ClCompile Include="stmpkg\edkii\mdepkg\library\baselib\SetJump.c">
      <Filter>Source Files</Filter>
    </ClCompile>
    <ClCompile Include="stmpkg\edkii\mdepkg\library\baselib\String.c">
      <Filter>Source Files</Filter>
    </ClCompile>
    <ClCompile Include="stmpkg\edkii\mdepkg\library\baselib\SwapBytes16.c">
      <Filter>Source Files</Filter>
    </ClCompile>
    <ClCompile Include="stmpkg\edkii\mdepkg\library\baselib\SwapBytes32.c">
      <Filter>Source Files</Filter>
    </ClCompile>
    <ClCompile Include="stmpkg\edkii\mdepkg\library\baselib\Unaligned.c">
      <Filter>Source Files</Filter>
    </ClCompile>
    <ClCompile Include="stmpkg\edkii\mdepkg\library\baselib\X86FxRestore.c">
      <Filter>Source Files</Filter>
    </ClCompile>
    <ClCompile Include="stmpkg\edkii\mdepkg\library\baselib\X86FxSave.c">
      <Filter>Source Files</Filter>
    </ClCompile>
    <ClCompile Include="stmpkg\edkii\mdepkg\library\baselib\X86GetInterruptState.c">
      <Filter>Source Files</Filter>
    </ClCompile>
    <ClCompile Include="stmpkg\edkii\mdepkg\library\baselib\X86MemoryFence.c">
      <Filter>Source Files</Filter>
    </ClCompile>
    <ClCompile Include="stmpkg\edkii\mdepkg\library\baselib\X86Msr.c">
      <Filter>Source Files</Filter>
    </ClCompile>
    <ClCompile Include="stmpkg\edkii\mdepkg\library\baselib\X86ReadGdtr.c">
      <Filter>Source Files</Filter>
    </ClCompile>
    <ClCompile Include="stmpkg\edkii\mdepkg\library\baselib\X86ReadIdtr.c">
      <Filter>Source Files</Filter>
    </ClCompile>
    <ClCompile Include="stmpkg\edkii\mdepkg\library\baselib\X86WriteGdtr.c">
      <Filter>Source Files</Filter>
    </ClCompile>
    <ClCompile Include="stmpkg\edkii\mdepkg\library\baselib\X86WriteIdtr.c">
      <Filter>Source Files</Filter>
    </ClCompile>
    <ClCompile Include="stmpkg\edkii\mdepkg\library\baselib\ia32\CpuBreakpoint.c">
      <Filter>Source Files</Filter>
    </ClCompile>
    <ClCompile Include="stmpkg\edkii\mdepkg\library\baselib\ia32\CpuId.c">
      <Filter>Source Files</Filter>
    </ClCompile>
    <ClCompile Include="stmpkg\edkii\mdepkg\library\baselib\ia32\CpuIdEx.c">
      <Filter>Source Files</Filter>
    </ClCompile>
    <ClCompile Include="stmpkg\edkii\mdepkg\library\baselib\ia32\CpuPause.c">
      <Filter>Source Files</Filter>
    </ClCompile>
    <ClCompile Include="stmpkg\edkii\mdepkg\library\baselib\ia32\DisableCache.c">
      <Filter>Source Files</Filter>
    </ClCompile>
    <ClCompile Include="stmpkg\edkii\mdepkg\library\baselib\ia32\DisableInterrupts.c">
      <Filter>Source Files</Filter>
    </ClCompile>
    <ClCompile Include="stmpkg\edkii\mdepkg\library\baselib\ia32\DivU64x32.c">
      <Filter>Source Files</Filter>
    </ClCompile>
    <ClCompile Include="stmpkg\edkii\mdepkg\library\baselib\ia32\DivU64x32Remainder.c">
      <Filter>Source Files</Filter>
    </ClCompile>
    <ClCompile Include="stmpkg\edkii\mdepkg\library\baselib\ia32\EnableCache.c">
      <Filter>Source Files</Filter>
    </ClCompile>
    <ClCompile Include="stmpkg\edkii\mdepkg\library\baselib\ia32\EnableDisableInterrupts.c">
      <Filter>Source Files</Filter>
    </ClCompile>
    <ClCompile Include="stmpkg\edkii\mdepkg\library\baselib\ia32\EnableInterrupts.c">
      <Filter>Source Files</Filter>
    </ClCompile>
    <ClCompile Include="stmpkg\edkii\mdepkg\library\baselib\ia32\FlushCacheLine.c">
      <Filter>Source Files</Filter>
    </ClCompile>
    <ClCompile Include="stmpkg\edkii\mdepkg\library\baselib\ia32\FxRestore.c">
      <Filter>Source Files</Filter>
    </ClCompile>
    <ClCompile Include="stmpkg\edkii\mdepkg\library\baselib\ia32\FxSave.c">
      <Filter>Source Files</Filter>
    </ClCompile>
    <ClCompile Include="stmpkg\edkii\mdepkg\library\baselib\ia32\GccInline.c">
      <Filter>Source Files</Filter>
    </ClCompile>
    <ClCompile Include="stmpkg\edkii\mdepkg\library\baselib\ia32\Invd.c">
      <Filter>Source Files</Filter>
    </ClCompile>
    <ClCompile Include="stmpkg\edkii\mdepkg\library\baselib\ia32\LongJump.c">
      <Filter>Source Files</Filter>
    </ClCompile>
    <ClCompile Include="stmpkg\edkii\mdepkg\library\baselib\ia32\LShiftU64.c">
      <Filter>Source Files</Filter>
    </ClCompile>
    <ClCompile Include="stmpkg\edkii\mdepkg\library\baselib\ia32\MultU64x32.c">
      <Filter>Source Files</Filter>
    </ClCompile>
    <ClCompile Include="stmpkg\edkii\mdepkg\library\baselib\ia32\Non-existing.c">
      <Filter>Source Files</Filter>
    </ClCompile>
    <ClCompile Include="stmpkg\edkii\mdepkg\library\baselib\ia32\ReadCr0.c">
      <Filter>Source Files</Filter>
    </ClCompile>
    <ClCompile Include="stmpkg\edkii\mdepkg\library\baselib\ia32\ReadCr2.c">
      <Filter>Source Files</Filter>
    </ClCompile>
    <ClCompile Include="stmpkg\edkii\mdepkg\library\baselib\ia32\ReadCr3.c">
      <Filter>Source Files</Filter>
    </ClCompile>
    <ClCompile Include="stmpkg\edkii\mdepkg\library\baselib\ia32\ReadCr4.c">
      <Filter>Source Files</Filter>
    </ClCompile>
    <ClCompile Include="stmpkg\edkii\mdepkg\library\baselib\ia32\ReadCs.c">
      <Filter>Source Files</Filter>
    </ClCompile>
    <ClCompile Include="stmpkg\edkii\mdepkg\library\baselib\ia32\ReadDr0.c">
      <Filter>Source Files</Filter>
    </ClCompile>
    <ClCompile Include="stmpkg\edkii\mdepkg\library\baselib\ia32\ReadDr1.c">
      <Filter>Source Files</Filter>
    </ClCompile>
    <ClCompile Include="stmpkg\edkii\mdepkg\library\baselib\ia32\ReadDr2.c">
      <Filter>Source Files</Filter>
    </ClCompile>
    <ClCompile Include="stmpkg\edkii\mdepkg\library\baselib\ia32\ReadDr3.c">
      <Filter>Source Files</Filter>
    </ClCompile>
    <ClCompile Include="stmpkg\edkii\mdepkg\library\baselib\ia32\ReadDr4.c">
      <Filter>Source Files</Filter>
    </ClCompile>
    <ClCompile Include="stmpkg\edkii\mdepkg\library\baselib\ia32\ReadDr5.c">
      <Filter>Source Files</Filter>
    </ClCompile>
    <ClCompile Include="stmpkg\edkii\mdepkg\library\baselib\ia32\ReadDr6.c">
      <Filter>Source Files</Filter>
    </ClCompile>
    <ClCompile Include="stmpkg\edkii\mdepkg\library\baselib\ia32\ReadDr7.c">
      <Filter>Source Files</Filter>
    </ClCompile>
    <ClCompile Include="stmpkg\edkii\mdepkg\library\baselib\ia32\ReadDs.c">
      <Filter>Source Files</Filter>
    </ClCompile>
    <ClCompile Include="stmpkg\edkii\mdepkg\library\baselib\ia32\ReadEflags.c">
      <Filter>Source Files</Filter>
    </ClCompile>
    <ClCompile Include="stmpkg\edkii\mdepkg\library\baselib\ia32\ReadEs.c">
      <Filter>Source Files</Filter>
    </ClCompile>
    <ClCompile Include="stmpkg\edkii\mdepkg\library\baselib\ia32\ReadFs.c">
      <Filter>Source Files</Filter>
    </ClCompile>
    <ClCompile Include="stmpkg\edkii\mdepkg\library\baselib\ia32\ReadGdtr.c">
      <Filter>Source Files</Filter>
    </ClCompile>
    <ClCompile Include="stmpkg\edkii\mdepkg\library\baselib\ia32\ReadGs.c">
      <Filter>Source Files</Filter>
    </ClCompile>
    <ClCompile Include="stmpkg\edkii\mdepkg\library\baselib\ia32\ReadIdtr.c">
      <Filter>Source Files</Filter>
    </ClCompile>
    <ClCompile Include="stmpkg\edkii\mdepkg\library\baselib\ia32\ReadLdtr.c">
      <Filter>Source Files</Filter>
    </ClCompile>
    <ClCompile Include="stmpkg\edkii\mdepkg\library\baselib\ia32\ReadMsr64.c">
      <Filter>Source Files</Filter>
    </ClCompile>
    <ClCompile Include="stmpkg\edkii\mdepkg\library\baselib\ia32\ReadSs.c">
      <Filter>Source Files</Filter>
    </ClCompile>
    <ClCompile Include="stmpkg\edkii\mdepkg\library\baselib\ia32\ReadTr.c">
      <Filter>Source Files</Filter>
    </ClCompile>
    <ClCompile Include="stmpkg\edkii\mdepkg\library\baselib\ia32\ReadTsc.c">
      <Filter>Source Files</Filter>
    </ClCompile>
    <ClCompile Include="stmpkg\edkii\mdepkg\library\baselib\ia32\RShiftU64.c">
      <Filter>Source Files</Filter>
    </ClCompile>
    <ClCompile Include="stmpkg\edkii\mdepkg\library\baselib\ia32\SetJump.c">
      <Filter>Source Files</Filter>
    </ClCompile>
    <ClCompile Include="stmpkg\edkii\mdepkg\library\baselib\ia32\Wbinvd.c">
      <Filter>Source Files</Filter>
    </ClCompile>
    <ClCompile Include="stmpkg\edkii\mdepkg\library\baselib\ia32\WriteCr0.c">
      <Filter>Source Files</Filter>
    </ClCompile>
    <ClCompile Include="stmpkg\edkii\mdepkg\library\baselib\ia32\WriteCr2.c">
      <Filter>Source Files</Filter>
    </ClCompile>
    <ClCompile Include="stmpkg\edkii\mdepkg\library\baselib\ia32\WriteCr3.c">
      <Filter>Source Files</Filter>
    </ClCompile>
    <ClCompile Include="stmpkg\edkii\mdepkg\library\baselib\ia32\WriteCr4.c">
      <Filter>Source Files</Filter>
    </ClCompile>
    <ClCompile Include="stmpkg\edkii\mdepkg\library\baselib\ia32\WriteDr0.c">
      <Filter>Source Files</Filter>
    </ClCompile>
    <ClCompile Include="stmpkg\edkii\mdepkg\library\baselib\ia32\WriteDr1.c">
      <Filter>Source Files</Filter>
    </ClCompile>
    <ClCompile Include="stmpkg\edkii\mdepkg\library\baselib\ia32\WriteDr2.c">
      <Filter>Source Files</Filter>
    </ClCompile>
    <ClCompile Include="stmpkg\edkii\mdepkg\library\baselib\ia32\WriteDr3.c">
      <Filter>Source Files</Filter>
    </ClCompile>
    <ClCompile Include="stmpkg\edkii\mdepkg\library\baselib\ia32\WriteDr4.c">
      <Filter>Source Files</Filter>
    </ClCompile>
    <ClCompile Include="stmpkg\edkii\mdepkg\library\baselib\ia32\WriteDr5.c">
      <Filter>Source Files</Filter>
    </ClCompile>
    <ClCompile Include="stmpkg\edkii\mdepkg\library\baselib\ia32\WriteDr6.c">
      <Filter>Source Files</Filter>
    </ClCompile>
    <ClCompile Include="stmpkg\edkii\mdepkg\library\baselib\ia32\WriteDr7.c">
      <Filter>Source Files</Filter>
    </ClCompile>
    <ClCompile Include="stmpkg\edkii\mdepkg\library\baselib\ia32\WriteGdtr.c">
      <Filter>Source Files</Filter>
    </ClCompile>
    <ClCompile Include="stmpkg\edkii\mdepkg\library\baselib\ia32\WriteIdtr.c">
      <Filter>Source Files</Filter>
    </ClCompile>
    <ClCompile Include="stmpkg\edkii\mdepkg\library\baselib\ia32\WriteLdtr.c">
      <Filter>Source Files</Filter>
    </ClCompile>
    <ClCompile Include="stmpkg\edkii\mdepkg\library\baselib\ia32\WriteMsr64.c">
      <Filter>Source Files</Filter>
    </ClCompile>
    <ClCompile Include="stmpkg\edkii\mdepkg\library\baselib\x64\CpuBreakpoint.c">
      <Filter>Source Files</Filter>
    </ClCompile>
    <ClCompile Include="stmpkg\edkii\mdepkg\library\baselib\x64\GccInline.c">
      <Filter>Source Files</Filter>
    </ClCompile>
    <ClCompile Include="stmpkg\edkii\mdepkg\library\baselib\x64\Non-existing.c">
      <Filter>Source Files</Filter>
    </ClCompile>
    <ClCompile Include="stmpkg\edkii\mdepkg\library\baselib\x64\ReadMsr64.c">
      <Filter>Source Files</Filter>
    </ClCompile>
    <ClCompile Include="stmpkg\edkii\mdepkg\library\baselib\x64\WriteMsr64.c">
      <Filter>Source Files</Filter>
    </ClCompile>
    <ClCompile Include="stmpkg\edkii\mdepkg\library\basememorylib\CompareMemWrapper.c">
      <Filter>Source Files</Filter>
    </ClCompile>
    <ClCompile Include="stmpkg\edkii\mdepkg\library\basememorylib\CopyMem.c">
      <Filter>Source Files</Filter>
    </ClCompile>
    <ClCompile Include="stmpkg\edkii\mdepkg\library\basememorylib\CopyMemWrapper.c">
      <Filter>Source Files</Filter>
    </ClCompile>
    <ClCompile Include="stmpkg\edkii\mdepkg\library\basememorylib\MemLibGeneric.c">
      <Filter>Source Files</Filter>
    </ClCompile>
    <ClCompile Include="stmpkg\edkii\mdepkg\library\basememorylib\MemLibGuid.c">
      <Filter>Source Files</Filter>
    </ClCompile>
    <ClCompile Include="stmpkg\edkii\mdepkg\library\basememorylib\ScanMem16Wrapper.c">
      <Filter>Source Files</Filter>
    </ClCompile>
    <ClCompile Include="stmpkg\edkii\mdepkg\library\basememorylib\ScanMem32Wrapper.c">
      <Filter>Source Files</Filter>
    </ClCompile>
    <ClCompile Include="stmpkg\edkii\mdepkg\library\basememorylib\ScanMem64Wrapper.c">
      <Filter>Source Files</Filter>
    </ClCompile>
    <ClCompile Include="stmpkg\edkii\mdepkg\library\basememorylib\ScanMem8Wrapper.c">
      <Filter>Source Files</Filter>
    </ClCompile>
    <ClCompile Include="stmpkg\edkii\mdepkg\library\basememorylib\SetMem.c">
      <Filter>Source Files</Filter>
    </ClCompile>
    <ClCompile Include="stmpkg\edkii\mdepkg\library\basememorylib\SetMem16Wrapper.c">
      <Filter>Source Files</Filter>
    </ClCompile>
    <ClCompile Include="stmpkg\edkii\mdepkg\library\basememorylib\SetMem32Wrapper.c">
      <Filter>Source Files</Filter>
    </ClCompile>
    <ClCompile Include="stmpkg\edkii\mdepkg\library\basememorylib\SetMem64Wrapper.c">
      <Filter>Source Files</Filter>
    </ClCompile>
    <ClCompile Include="stmpkg\edkii\mdepkg\library\basememorylib\SetMemWrapper.c">
      <Filter>Source Files</Filter>
    </ClCompile>
    <ClCompile Include="stmpkg\edkii\mdepkg\library\basememorylib\ZeroMemWrapper.c">
      <Filter>Source Files</Filter>
    </ClCompile>
    <ClCompile Include="stmpkg\edkii\mdepkg\library\basepcdlibnull\PcdLib.c">
      <Filter>Source Files</Filter>
    </ClCompile>
    <ClCompile Include="stmpkg\edkii\mdepkg\library\basepcicf8lib\PciCf8Lib.c">
      <Filter>Source Files</Filter>
    </ClCompile>
    <ClCompile Include="stmpkg\edkii\mdepkg\library\basepciexpresslib\PciExpressLib.c">
      <Filter>Source Files</Filter>
    </ClCompile>
    <ClCompile Include="stmpkg\edkii\mdepkg\library\basepcilibcf8\PciLib.c">
      <Filter>Source Files</Filter>
    </ClCompile>
    <ClCompile Include="stmpkg\edkii\mdepkg\library\basepcilibpciexpress\PciLib.c">
      <Filter>Source Files</Filter>
    </ClCompile>
    <ClCompile Include="stmpkg\edkii\mdepkg\library\baseprintlib\PrintLib.c">
      <Filter>Source Files</Filter>
    </ClCompile>
    <ClCompile Include="stmpkg\edkii\mdepkg\library\baseprintlib\PrintLibInternal.c">
      <Filter>Source Files</Filter>
    </ClCompile>
    <ClCompile Include="stmpkg\edkii\pcatchipsetpkg\library\serialiolib\SerialPortLib.c">
      <Filter>Source Files</Filter>
    </ClCompile>
    <ClCompile Include="stmpkg\library\mpsafedebuglibserialport\DebugLib.c">
      <Filter>Source Files</Filter>
    </ClCompile>
    <ClCompile Include="stmpkg\library\simplesynchronizationlib\Synchronization.c">
      <Filter>Source Files</Filter>
    </ClCompile>
    <ClCompile Include="stmpkg\library\simplesynchronizationlib\SynchronizationGcc.c">
      <Filter>Source Files</Filter>
    </ClCompile>
    <ClCompile Include="stmpkg\library\simplesynchronizationlib\SynchronizationMsc.c">
      <Filter>Source Files</Filter>
    </ClCompile>
    <ClCompile Include="stmpkg\library\simplesynchronizationlib\ia32\GccInline.c">
      <Filter>Source Files</Filter>
    </ClCompile>
    <ClCompile Include="stmpkg\library\simplesynchronizationlib\ia32\InterlockedCompareExchange32.c">
      <Filter>Source Files</Filter>
    </ClCompile>
    <ClCompile Include="stmpkg\library\simplesynchronizationlib\ia32\InterlockedCompareExchange64.c">
      <Filter>Source Files</Filter>
    </ClCompile>
    <ClCompile Include="stmpkg\library\simplesynchronizationlib\ia32\InterlockedDecrement.c">
      <Filter>Source Files</Filter>
    </ClCompile>
    <ClCompile Include="stmpkg\library\simplesynchronizationlib\ia32\InterlockedIncrement.c">
      <Filter>Source Files</Filter>
    </ClCompile>
    <ClCompile Include="stmpkg\library\simplesynchronizationlib\x64\GccInline.c">
      <Filter>Source Files</Filter>
    </ClCompile>
    <ClCompile Include="stmpkg\library\simplesynchronizationlib\x64\InterlockedCompareExchange32.c">
      <Filter>Source Files</Filter>
    </ClCompile>
    <ClCompile Include="stmpkg\library\simplesynchronizationlib\x64\InterlockedCompareExchange64.c">
      <Filter>Source Files</Filter>
    </ClCompile>
    <ClCompile Include="stmpkg\library\simplesynchronizationlib\x64\InterlockedDecrement.c">
      <Filter>Source Files</Filter>
    </ClCompile>
    <ClCompile Include="stmpkg\library\simplesynchronizationlib\x64\InterlockedIncrement.c">
      <Filter>Source Files</Filter>
    </ClCompile>
    <ClCompile Include="stmpkg\tool\genstm\GenStm.c">
      <Filter>Source Files</Filter>
    </ClCompile>
    <ClCompile Include="StmPkg\Library\StmLib\Ia32\Vmx64.c">
      <Filter>Source Files</Filter>
    </ClCompile>
    <ClCompile Include="StmPkg\Library\StmLib\x64\Vmx64.c">
      <Filter>Source Files</Filter>
    </ClCompile>
    <ClCompile Include="StmPkg\Library\StmLib\Smx.c">
      <Filter>Source Files</Filter>
    </ClCompile>
    <ClCompile Include="StmPkg\Library\StmLib\Vmx.c">
      <Filter>Source Files</Filter>
    </ClCompile>
    <ClCompile Include="StmPkg\Core\Runtime\StmLoadPeVm.c">
      <Filter>Source Files</Filter>
    </ClCompile>
    <ClCompile Include="StmPkg\Core\Runtime\PeEptHandler.c">
      <Filter>Source Files</Filter>
    </ClCompile>
    <ClCompile Include="StmPkg\Core\Runtime\PeSmmHandler.c">
      <Filter>Source Files</Filter>
    </ClCompile>
    <ClCompile Include="StmPkg\Core\Init\PeVmcsInit.c">
      <Filter>Source Files</Filter>
    </ClCompile>
    <ClCompile Include="StmPkg\Core\Runtime\PeSmmVmcallHandler.c">
      <Filter>Source Files</Filter>
    </ClCompile>
  </ItemGroup>
  <ItemGroup>
    <None Include="stmpkg\core\init\ia32\AsmStmInit.asm">
      <Filter>Source Files</Filter>
    </None>
    <None Include="stmpkg\core\init\x64\AsmStmInit.asm">
      <Filter>Source Files</Filter>
    </None>
    <None Include="stmpkg\core\runtime\ia32\Exception.asm">
      <Filter>Source Files</Filter>
    </None>
    <None Include="stmpkg\core\runtime\ia32\VmExit.asm">
      <Filter>Source Files</Filter>
    </None>
    <None Include="stmpkg\core\runtime\x64\Exception.asm">
      <Filter>Source Files</Filter>
    </None>
    <None Include="stmpkg\core\runtime\x64\VmExit.asm">
      <Filter>Source Files</Filter>
    </None>
    <None Include="stmpkg\edkii\mdepkg\library\baselib\ia32\CpuBreakpoint.asm">
      <Filter>Source Files</Filter>
    </None>
    <None Include="stmpkg\edkii\mdepkg\library\baselib\ia32\CpuId.asm">
      <Filter>Source Files</Filter>
    </None>
    <None Include="stmpkg\edkii\mdepkg\library\baselib\ia32\CpuIdEx.asm">
      <Filter>Source Files</Filter>
    </None>
    <None Include="stmpkg\edkii\mdepkg\library\baselib\ia32\CpuPause.asm">
      <Filter>Source Files</Filter>
    </None>
    <None Include="stmpkg\edkii\mdepkg\library\baselib\ia32\DisableCache.asm">
      <Filter>Source Files</Filter>
    </None>
    <None Include="stmpkg\edkii\mdepkg\library\baselib\ia32\DisableInterrupts.asm">
      <Filter>Source Files</Filter>
    </None>
    <None Include="stmpkg\edkii\mdepkg\library\baselib\ia32\DivU64x32.asm">
      <Filter>Source Files</Filter>
    </None>
    <None Include="stmpkg\edkii\mdepkg\library\baselib\ia32\DivU64x32Remainder.asm">
      <Filter>Source Files</Filter>
    </None>
    <None Include="stmpkg\edkii\mdepkg\library\baselib\ia32\EnableCache.asm">
      <Filter>Source Files</Filter>
    </None>
    <None Include="stmpkg\edkii\mdepkg\library\baselib\ia32\EnableDisableInterrupts.asm">
      <Filter>Source Files</Filter>
    </None>
    <None Include="stmpkg\edkii\mdepkg\library\baselib\ia32\EnableInterrupts.asm">
      <Filter>Source Files</Filter>
    </None>
    <None Include="stmpkg\edkii\mdepkg\library\baselib\ia32\FlushCacheLine.asm">
      <Filter>Source Files</Filter>
    </None>
    <None Include="stmpkg\edkii\mdepkg\library\baselib\ia32\FxRestore.asm">
      <Filter>Source Files</Filter>
    </None>
    <None Include="stmpkg\edkii\mdepkg\library\baselib\ia32\FxSave.asm">
      <Filter>Source Files</Filter>
    </None>
    <None Include="stmpkg\edkii\mdepkg\library\baselib\ia32\Invd.asm">
      <Filter>Source Files</Filter>
    </None>
    <None Include="stmpkg\edkii\mdepkg\library\baselib\ia32\LongJump.asm">
      <Filter>Source Files</Filter>
    </None>
    <None Include="stmpkg\edkii\mdepkg\library\baselib\ia32\LShiftU64.asm">
      <Filter>Source Files</Filter>
    </None>
    <None Include="stmpkg\edkii\mdepkg\library\baselib\ia32\MultU64x32.asm">
      <Filter>Source Files</Filter>
    </None>
    <None Include="stmpkg\edkii\mdepkg\library\baselib\ia32\ReadCr0.asm">
      <Filter>Source Files</Filter>
    </None>
    <None Include="stmpkg\edkii\mdepkg\library\baselib\ia32\ReadCr2.asm">
      <Filter>Source Files</Filter>
    </None>
    <None Include="stmpkg\edkii\mdepkg\library\baselib\ia32\ReadCr3.asm">
      <Filter>Source Files</Filter>
    </None>
    <None Include="stmpkg\edkii\mdepkg\library\baselib\ia32\ReadCr4.asm">
      <Filter>Source Files</Filter>
    </None>
    <None Include="stmpkg\edkii\mdepkg\library\baselib\ia32\ReadCs.asm">
      <Filter>Source Files</Filter>
    </None>
    <None Include="stmpkg\edkii\mdepkg\library\baselib\ia32\ReadDr0.asm">
      <Filter>Source Files</Filter>
    </None>
    <None Include="stmpkg\edkii\mdepkg\library\baselib\ia32\ReadDr1.asm">
      <Filter>Source Files</Filter>
    </None>
    <None Include="stmpkg\edkii\mdepkg\library\baselib\ia32\ReadDr2.asm">
      <Filter>Source Files</Filter>
    </None>
    <None Include="stmpkg\edkii\mdepkg\library\baselib\ia32\ReadDr3.asm">
      <Filter>Source Files</Filter>
    </None>
    <None Include="stmpkg\edkii\mdepkg\library\baselib\ia32\ReadDr4.asm">
      <Filter>Source Files</Filter>
    </None>
    <None Include="stmpkg\edkii\mdepkg\library\baselib\ia32\ReadDr5.asm">
      <Filter>Source Files</Filter>
    </None>
    <None Include="stmpkg\edkii\mdepkg\library\baselib\ia32\ReadDr6.asm">
      <Filter>Source Files</Filter>
    </None>
    <None Include="stmpkg\edkii\mdepkg\library\baselib\ia32\ReadDr7.asm">
      <Filter>Source Files</Filter>
    </None>
    <None Include="stmpkg\edkii\mdepkg\library\baselib\ia32\ReadDs.asm">
      <Filter>Source Files</Filter>
    </None>
    <None Include="stmpkg\edkii\mdepkg\library\baselib\ia32\ReadEflags.asm">
      <Filter>Source Files</Filter>
    </None>
    <None Include="stmpkg\edkii\mdepkg\library\baselib\ia32\ReadEs.asm">
      <Filter>Source Files</Filter>
    </None>
    <None Include="stmpkg\edkii\mdepkg\library\baselib\ia32\ReadFs.asm">
      <Filter>Source Files</Filter>
    </None>
    <None Include="stmpkg\edkii\mdepkg\library\baselib\ia32\ReadGdtr.asm">
      <Filter>Source Files</Filter>
    </None>
    <None Include="stmpkg\edkii\mdepkg\library\baselib\ia32\ReadGs.asm">
      <Filter>Source Files</Filter>
    </None>
    <None Include="stmpkg\edkii\mdepkg\library\baselib\ia32\ReadIdtr.asm">
      <Filter>Source Files</Filter>
    </None>
    <None Include="stmpkg\edkii\mdepkg\library\baselib\ia32\ReadLdtr.asm">
      <Filter>Source Files</Filter>
    </None>
    <None Include="stmpkg\edkii\mdepkg\library\baselib\ia32\ReadMsr64.asm">
      <Filter>Source Files</Filter>
    </None>
    <None Include="stmpkg\edkii\mdepkg\library\baselib\ia32\ReadSs.asm">
      <Filter>Source Files</Filter>
    </None>
    <None Include="stmpkg\edkii\mdepkg\library\baselib\ia32\ReadTr.asm">
      <Filter>Source Files</Filter>
    </None>
    <None Include="stmpkg\edkii\mdepkg\library\baselib\ia32\ReadTsc.asm">
      <Filter>Source Files</Filter>
    </None>
    <None Include="stmpkg\edkii\mdepkg\library\baselib\ia32\RShiftU64.asm">
      <Filter>Source Files</Filter>
    </None>
    <None Include="stmpkg\edkii\mdepkg\library\baselib\ia32\SetJump.asm">
      <Filter>Source Files</Filter>
    </None>
    <None Include="stmpkg\edkii\mdepkg\library\baselib\ia32\Wbinvd.asm">
      <Filter>Source Files</Filter>
    </None>
    <None Include="stmpkg\edkii\mdepkg\library\baselib\ia32\WriteCr0.asm">
      <Filter>Source Files</Filter>
    </None>
    <None Include="stmpkg\edkii\mdepkg\library\baselib\ia32\WriteCr2.asm">
      <Filter>Source Files</Filter>
    </None>
    <None Include="stmpkg\edkii\mdepkg\library\baselib\ia32\WriteCr3.asm">
      <Filter>Source Files</Filter>
    </None>
    <None Include="stmpkg\edkii\mdepkg\library\baselib\ia32\WriteCr4.asm">
      <Filter>Source Files</Filter>
    </None>
    <None Include="stmpkg\edkii\mdepkg\library\baselib\ia32\WriteDr0.asm">
      <Filter>Source Files</Filter>
    </None>
    <None Include="stmpkg\edkii\mdepkg\library\baselib\ia32\WriteDr1.asm">
      <Filter>Source Files</Filter>
    </None>
    <None Include="stmpkg\edkii\mdepkg\library\baselib\ia32\WriteDr2.asm">
      <Filter>Source Files</Filter>
    </None>
    <None Include="stmpkg\edkii\mdepkg\library\baselib\ia32\WriteDr3.asm">
      <Filter>Source Files</Filter>
    </None>
    <None Include="stmpkg\edkii\mdepkg\library\baselib\ia32\WriteDr4.asm">
      <Filter>Source Files</Filter>
    </None>
    <None Include="stmpkg\edkii\mdepkg\library\baselib\ia32\WriteDr5.asm">
      <Filter>Source Files</Filter>
    </None>
    <None Include="stmpkg\edkii\mdepkg\library\baselib\ia32\WriteDr6.asm">
      <Filter>Source Files</Filter>
    </None>
    <None Include="stmpkg\edkii\mdepkg\library\baselib\ia32\WriteDr7.asm">
      <Filter>Source Files</Filter>
    </None>
    <None Include="stmpkg\edkii\mdepkg\library\baselib\ia32\WriteGdtr.asm">
      <Filter>Source Files</Filter>
    </None>
    <None Include="stmpkg\edkii\mdepkg\library\baselib\ia32\WriteIdtr.asm">
      <Filter>Source Files</Filter>
    </None>
    <None Include="stmpkg\edkii\mdepkg\library\baselib\ia32\WriteLdtr.asm">
      <Filter>Source Files</Filter>
    </None>
    <None Include="stmpkg\edkii\mdepkg\library\baselib\ia32\WriteMsr64.asm">
      <Filter>Source Files</Filter>
    </None>
    <None Include="stmpkg\edkii\mdepkg\library\baselib\x64\CpuBreakpoint.asm">
      <Filter>Source Files</Filter>
    </None>
    <None Include="stmpkg\edkii\mdepkg\library\baselib\x64\CpuId.asm">
      <Filter>Source Files</Filter>
    </None>
    <None Include="stmpkg\edkii\mdepkg\library\baselib\x64\CpuIdEx.asm">
      <Filter>Source Files</Filter>
    </None>
    <None Include="stmpkg\edkii\mdepkg\library\baselib\x64\CpuPause.asm">
      <Filter>Source Files</Filter>
    </None>
    <None Include="stmpkg\edkii\mdepkg\library\baselib\x64\DisableCache.asm">
      <Filter>Source Files</Filter>
    </None>
    <None Include="stmpkg\edkii\mdepkg\library\baselib\x64\DisableInterrupts.asm">
      <Filter>Source Files</Filter>
    </None>
    <None Include="stmpkg\edkii\mdepkg\library\baselib\x64\EnableCache.asm">
      <Filter>Source Files</Filter>
    </None>
    <None Include="stmpkg\edkii\mdepkg\library\baselib\x64\EnableDisableInterrupts.asm">
      <Filter>Source Files</Filter>
    </None>
    <None Include="stmpkg\edkii\mdepkg\library\baselib\x64\EnableInterrupts.asm">
      <Filter>Source Files</Filter>
    </None>
    <None Include="stmpkg\edkii\mdepkg\library\baselib\x64\FlushCacheLine.asm">
      <Filter>Source Files</Filter>
    </None>
    <None Include="stmpkg\edkii\mdepkg\library\baselib\x64\FxRestore.asm">
      <Filter>Source Files</Filter>
    </None>
    <None Include="stmpkg\edkii\mdepkg\library\baselib\x64\FxSave.asm">
      <Filter>Source Files</Filter>
    </None>
    <None Include="stmpkg\edkii\mdepkg\library\baselib\x64\Invd.asm">
      <Filter>Source Files</Filter>
    </None>
    <None Include="stmpkg\edkii\mdepkg\library\baselib\x64\LongJump.asm">
      <Filter>Source Files</Filter>
    </None>
    <None Include="stmpkg\edkii\mdepkg\library\baselib\x64\ReadCr0.asm">
      <Filter>Source Files</Filter>
    </None>
    <None Include="stmpkg\edkii\mdepkg\library\baselib\x64\ReadCr2.asm">
      <Filter>Source Files</Filter>
    </None>
    <None Include="stmpkg\edkii\mdepkg\library\baselib\x64\ReadCr3.asm">
      <Filter>Source Files</Filter>
    </None>
    <None Include="stmpkg\edkii\mdepkg\library\baselib\x64\ReadCr4.asm">
      <Filter>Source Files</Filter>
    </None>
    <None Include="stmpkg\edkii\mdepkg\library\baselib\x64\ReadCs.asm">
      <Filter>Source Files</Filter>
    </None>
    <None Include="stmpkg\edkii\mdepkg\library\baselib\x64\ReadDr0.asm">
      <Filter>Source Files</Filter>
    </None>
    <None Include="stmpkg\edkii\mdepkg\library\baselib\x64\ReadDr1.asm">
      <Filter>Source Files</Filter>
    </None>
    <None Include="stmpkg\edkii\mdepkg\library\baselib\x64\ReadDr2.asm">
      <Filter>Source Files</Filter>
    </None>
    <None Include="stmpkg\edkii\mdepkg\library\baselib\x64\ReadDr3.asm">
      <Filter>Source Files</Filter>
    </None>
    <None Include="stmpkg\edkii\mdepkg\library\baselib\x64\ReadDr4.asm">
      <Filter>Source Files</Filter>
    </None>
    <None Include="stmpkg\edkii\mdepkg\library\baselib\x64\ReadDr5.asm">
      <Filter>Source Files</Filter>
    </None>
    <None Include="stmpkg\edkii\mdepkg\library\baselib\x64\ReadDr6.asm">
      <Filter>Source Files</Filter>
    </None>
    <None Include="stmpkg\edkii\mdepkg\library\baselib\x64\ReadDr7.asm">
      <Filter>Source Files</Filter>
    </None>
    <None Include="stmpkg\edkii\mdepkg\library\baselib\x64\ReadDs.asm">
      <Filter>Source Files</Filter>
    </None>
    <None Include="stmpkg\edkii\mdepkg\library\baselib\x64\ReadEflags.asm">
      <Filter>Source Files</Filter>
    </None>
    <None Include="stmpkg\edkii\mdepkg\library\baselib\x64\ReadEs.asm">
      <Filter>Source Files</Filter>
    </None>
    <None Include="stmpkg\edkii\mdepkg\library\baselib\x64\ReadFs.asm">
      <Filter>Source Files</Filter>
    </None>
    <None Include="stmpkg\edkii\mdepkg\library\baselib\x64\ReadGdtr.asm">
      <Filter>Source Files</Filter>
    </None>
    <None Include="stmpkg\edkii\mdepkg\library\baselib\x64\ReadGs.asm">
      <Filter>Source Files</Filter>
    </None>
    <None Include="stmpkg\edkii\mdepkg\library\baselib\x64\ReadIdtr.asm">
      <Filter>Source Files</Filter>
    </None>
    <None Include="stmpkg\edkii\mdepkg\library\baselib\x64\ReadLdtr.asm">
      <Filter>Source Files</Filter>
    </None>
    <None Include="stmpkg\edkii\mdepkg\library\baselib\x64\ReadMsr64.asm">
      <Filter>Source Files</Filter>
    </None>
    <None Include="stmpkg\edkii\mdepkg\library\baselib\x64\ReadSs.asm">
      <Filter>Source Files</Filter>
    </None>
    <None Include="stmpkg\edkii\mdepkg\library\baselib\x64\ReadTr.asm">
      <Filter>Source Files</Filter>
    </None>
    <None Include="stmpkg\edkii\mdepkg\library\baselib\x64\ReadTsc.asm">
      <Filter>Source Files</Filter>
    </None>
    <None Include="stmpkg\edkii\mdepkg\library\baselib\x64\SetJump.asm">
      <Filter>Source Files</Filter>
    </None>
    <None Include="stmpkg\edkii\mdepkg\library\baselib\x64\Wbinvd.asm">
      <Filter>Source Files</Filter>
    </None>
    <None Include="stmpkg\edkii\mdepkg\library\baselib\x64\WriteCr0.asm">
      <Filter>Source Files</Filter>
    </None>
    <None Include="stmpkg\edkii\mdepkg\library\baselib\x64\WriteCr2.asm">
      <Filter>Source Files</Filter>
    </None>
    <None Include="stmpkg\edkii\mdepkg\library\baselib\x64\WriteCr3.asm">
      <Filter>Source Files</Filter>
    </None>
    <None Include="stmpkg\edkii\mdepkg\library\baselib\x64\WriteCr4.asm">
      <Filter>Source Files</Filter>
    </None>
    <None Include="stmpkg\edkii\mdepkg\library\baselib\x64\WriteDr0.asm">
      <Filter>Source Files</Filter>
    </None>
    <None Include="stmpkg\edkii\mdepkg\library\baselib\x64\WriteDr1.asm">
      <Filter>Source Files</Filter>
    </None>
    <None Include="stmpkg\edkii\mdepkg\library\baselib\x64\WriteDr2.asm">
      <Filter>Source Files</Filter>
    </None>
    <None Include="stmpkg\edkii\mdepkg\library\baselib\x64\WriteDr3.asm">
      <Filter>Source Files</Filter>
    </None>
    <None Include="stmpkg\edkii\mdepkg\library\baselib\x64\WriteDr4.asm">
      <Filter>Source Files</Filter>
    </None>
    <None Include="stmpkg\edkii\mdepkg\library\baselib\x64\WriteDr5.asm">
      <Filter>Source Files</Filter>
    </None>
    <None Include="stmpkg\edkii\mdepkg\library\baselib\x64\WriteDr6.asm">
      <Filter>Source Files</Filter>
    </None>
    <None Include="stmpkg\edkii\mdepkg\library\baselib\x64\WriteDr7.asm">
      <Filter>Source Files</Filter>
    </None>
    <None Include="stmpkg\edkii\mdepkg\library\baselib\x64\WriteGdtr.asm">
      <Filter>Source Files</Filter>
    </None>
    <None Include="stmpkg\edkii\mdepkg\library\baselib\x64\WriteIdtr.asm">
      <Filter>Source Files</Filter>
    </None>
    <None Include="stmpkg\edkii\mdepkg\library\baselib\x64\WriteLdtr.asm">
      <Filter>Source Files</Filter>
    </None>
    <None Include="stmpkg\edkii\mdepkg\library\baselib\x64\WriteMsr64.asm">
      <Filter>Source Files</Filter>
    </None>
    <None Include="stmpkg\library\simplesynchronizationlib\ia32\InterlockedCompareExchange32.asm">
      <Filter>Source Files</Filter>
    </None>
    <None Include="stmpkg\library\simplesynchronizationlib\ia32\InterlockedCompareExchange64.asm">
      <Filter>Source Files</Filter>
    </None>
    <None Include="stmpkg\library\simplesynchronizationlib\ia32\InterlockedDecrement.asm">
      <Filter>Source Files</Filter>
    </None>
    <None Include="stmpkg\library\simplesynchronizationlib\ia32\InterlockedIncrement.asm">
      <Filter>Source Files</Filter>
    </None>
    <None Include="stmpkg\library\simplesynchronizationlib\x64\InterlockedCompareExchange32.asm">
      <Filter>Source Files</Filter>
    </None>
    <None Include="stmpkg\library\simplesynchronizationlib\x64\InterlockedCompareExchange64.asm">
      <Filter>Source Files</Filter>
    </None>
    <None Include="stmpkg\library\simplesynchronizationlib\x64\InterlockedDecrement.asm">
      <Filter>Source Files</Filter>
    </None>
    <None Include="stmpkg\library\simplesynchronizationlib\x64\InterlockedIncrement.asm">
      <Filter>Source Files</Filter>
    </None>
    <None Include="ClassDiagram1.cd" />
    <None Include="StmPkg\Library\StmLib\Ia32\AsmInvEpt.asm">
      <Filter>Source Files</Filter>
    </None>
    <None Include="StmPkg\Library\StmLib\Ia32\AsmInvVpid.asm">
      <Filter>Source Files</Filter>
    </None>
    <None Include="StmPkg\Library\StmLib\Ia32\AsmTestAndReset.asm">
      <Filter>Source Files</Filter>
    </None>
    <None Include="StmPkg\Library\StmLib\Ia32\AsmTestAndSet.asm">
      <Filter>Source Files</Filter>
    </None>
    <None Include="StmPkg\Library\StmLib\Ia32\AsmVmCall.asm">
      <Filter>Source Files</Filter>
    </None>
    <None Include="StmPkg\Library\StmLib\Ia32\AsmVmClear.asm">
      <Filter>Source Files</Filter>
    </None>
    <None Include="StmPkg\Library\StmLib\Ia32\AsmVmLaunch.asm">
      <Filter>Source Files</Filter>
    </None>
    <None Include="StmPkg\Library\StmLib\Ia32\AsmVmPtrLoad.asm">
      <Filter>Source Files</Filter>
    </None>
    <None Include="StmPkg\Library\StmLib\Ia32\AsmVmPtrStore.asm">
      <Filter>Source Files</Filter>
    </None>
    <None Include="StmPkg\Library\StmLib\Ia32\AsmVmRead.asm">
      <Filter>Source Files</Filter>
    </None>
    <None Include="StmPkg\Library\StmLib\Ia32\AsmVmResume.asm">
      <Filter>Source Files</Filter>
    </None>
    <None Include="StmPkg\Library\StmLib\Ia32\AsmVmWrite.asm">
      <Filter>Source Files</Filter>
    </None>
    <None Include="StmPkg\Library\StmLib\Ia32\AsmVmxOff.asm">
      <Filter>Source Files</Filter>
    </None>
    <None Include="StmPkg\Library\StmLib\Ia32\AsmVmxOn.asm">
      <Filter>Source Files</Filter>
    </None>
    <None Include="StmPkg\Library\StmLib\Ia32\AsmXGetBv.asm">
      <Filter>Source Files</Filter>
    </None>
    <None Include="StmPkg\Library\StmLib\Ia32\AsmXRestore.asm">
      <Filter>Source Files</Filter>
    </None>
    <None Include="StmPkg\Library\StmLib\Ia32\AsmXSave.asm">
      <Filter>Source Files</Filter>
    </None>
    <None Include="StmPkg\Library\StmLib\Ia32\AsmXSetBv.asm">
      <Filter>Source Files</Filter>
    </None>
    <None Include="StmPkg\Library\StmLib\x64\AsmInvEpt.asm">
      <Filter>Source Files</Filter>
    </None>
    <None Include="StmPkg\Library\StmLib\x64\AsmInvVpid.asm">
      <Filter>Source Files</Filter>
    </None>
    <None Include="StmPkg\Library\StmLib\x64\AsmTestAndReset.asm">
      <Filter>Source Files</Filter>
    </None>
    <None Include="StmPkg\Library\StmLib\x64\AsmTestAndSet.asm">
      <Filter>Source Files</Filter>
    </None>
    <None Include="StmPkg\Library\StmLib\x64\AsmVmCall.asm">
      <Filter>Source Files</Filter>
    </None>
    <None Include="StmPkg\Library\StmLib\x64\AsmVmClear.asm">
      <Filter>Source Files</Filter>
    </None>
    <None Include="StmPkg\Library\StmLib\x64\AsmVmLaunch.asm">
      <Filter>Source Files</Filter>
    </None>
    <None Include="StmPkg\Library\StmLib\x64\AsmVmPtrLoad.asm">
      <Filter>Source Files</Filter>
    </None>
    <None Include="StmPkg\Library\StmLib\x64\AsmVmPtrStore.asm">
      <Filter>Source Files</Filter>
    </None>
    <None Include="StmPkg\Library\StmLib\x64\AsmVmRead.asm">
      <Filter>Source Files</Filter>
    </None>
    <None Include="StmPkg\Library\StmLib\x64\AsmVmResume.asm">
      <Filter>Source Files</Filter>
    </None>
    <None Include="StmPkg\Library\StmLib\x64\AsmVmWrite.asm">
      <Filter>Source Files</Filter>
    </None>
    <None Include="StmPkg\Library\StmLib\x64\AsmVmxOff.asm">
      <Filter>Source Files</Filter>
    </None>
    <None Include="StmPkg\Library\StmLib\x64\AsmVmxOn.asm">
      <Filter>Source Files</Filter>
    </None>
    <None Include="StmPkg\Library\StmLib\x64\AsmXGetBv.asm">
      <Filter>Source Files</Filter>
    </None>
    <None Include="StmPkg\Library\StmLib\x64\AsmXRestore.asm">
      <Filter>Source Files</Filter>
    </None>
    <None Include="StmPkg\Library\StmLib\x64\AsmXSave.asm">
      <Filter>Source Files</Filter>
    </None>
    <None Include="StmPkg\Library\StmLib\x64\AsmXSetBv.asm">
      <Filter>Source Files</Filter>
    </None>
    <None Include="Z:\stm_reference\stmcode\StmPkg\Library\StmLib\Ia32\AsmSendInt2.asm">
      <Filter>Source Files</Filter>
    </None>
    <None Include="StmPkg\Library\StmLib\Ia32\AsmSendInt2.asm">
      <Filter>Source Files</Filter>
    </None>
    <None Include="StmPkg\Library\StmLib\x64\AsmSendInt2.asm">
      <Filter>Source Files</Filter>
    </None>
  </ItemGroup>
  <ItemGroup>
    <ClInclude Include="stmpkg\core\CpuDef.h">
      <Filter>Header Files</Filter>
    </ClInclude>
    <ClInclude Include="stmpkg\core\Stm.h">
      <Filter>Header Files</Filter>
    </ClInclude>
    <ClInclude Include="stmpkg\core\init\StmInit.h">
      <Filter>Header Files</Filter>
    </ClInclude>
    <ClInclude Include="stmpkg\core\runtime\StmRuntime.h">
      <Filter>Header Files</Filter>
    </ClInclude>
    <ClInclude Include="stmpkg\edkii\basetools\source\c\common\BinderFuncs.h">
      <Filter>Header Files</Filter>
    </ClInclude>
    <ClInclude Include="stmpkg\edkii\basetools\source\c\common\CommonLib.h">
      <Filter>Header Files</Filter>
    </ClInclude>
    <ClInclude Include="stmpkg\edkii\basetools\source\c\common\Compress.h">
      <Filter>Header Files</Filter>
    </ClInclude>
    <ClInclude Include="stmpkg\edkii\basetools\source\c\common\Crc32.h">
      <Filter>Header Files</Filter>
    </ClInclude>
    <ClInclude Include="stmpkg\edkii\basetools\source\c\common\Decompress.h">
      <Filter>Header Files</Filter>
    </ClInclude>
    <ClInclude Include="stmpkg\edkii\basetools\source\c\common\EfiUtilityMsgs.h">
      <Filter>Header Files</Filter>
    </ClInclude>
    <ClInclude Include="stmpkg\edkii\basetools\source\c\common\FirmwareVolumeBufferLib.h">
      <Filter>Header Files</Filter>
    </ClInclude>
    <ClInclude Include="stmpkg\edkii\basetools\source\c\common\FvLib.h">
      <Filter>Header Files</Filter>
    </ClInclude>
    <ClInclude Include="stmpkg\edkii\basetools\source\c\common\MemoryFile.h">
      <Filter>Header Files</Filter>
    </ClInclude>
    <ClInclude Include="stmpkg\edkii\basetools\source\c\common\MyAlloc.h">
      <Filter>Header Files</Filter>
    </ClInclude>
    <ClInclude Include="stmpkg\edkii\basetools\source\c\common\OsPath.h">
      <Filter>Header Files</Filter>
    </ClInclude>
    <ClInclude Include="stmpkg\edkii\basetools\source\c\common\ParseGuidedSectionTools.h">
      <Filter>Header Files</Filter>
    </ClInclude>
    <ClInclude Include="stmpkg\edkii\basetools\source\c\common\ParseInf.h">
      <Filter>Header Files</Filter>
    </ClInclude>
    <ClInclude Include="stmpkg\edkii\basetools\source\c\common\PeCoffLib.h">
      <Filter>Header Files</Filter>
    </ClInclude>
    <ClInclude Include="stmpkg\edkii\basetools\source\c\common\SimpleFileParsing.h">
      <Filter>Header Files</Filter>
    </ClInclude>
    <ClInclude Include="stmpkg\edkii\basetools\source\c\common\StringFuncs.h">
      <Filter>Header Files</Filter>
    </ClInclude>
    <ClInclude Include="stmpkg\edkii\basetools\source\c\common\WinNtInclude.h">
      <Filter>Header Files</Filter>
    </ClInclude>
    <ClInclude Include="stmpkg\edkii\basetools\source\c\genstm\GenStm.h">
      <Filter>Header Files</Filter>
    </ClInclude>
    <ClInclude Include="stmpkg\edkii\basetools\source\c\include\common\BaseTypes.h">
      <Filter>Header Files</Filter>
    </ClInclude>
    <ClInclude Include="stmpkg\edkii\basetools\source\c\include\common\MdeModuleHii.h">
      <Filter>Header Files</Filter>
    </ClInclude>
    <ClInclude Include="stmpkg\edkii\basetools\source\c\include\common\PiFirmwareFile.h">
      <Filter>Header Files</Filter>
    </ClInclude>
    <ClInclude Include="stmpkg\edkii\basetools\source\c\include\common\PiFirmwareVolume.h">
      <Filter>Header Files</Filter>
    </ClInclude>
    <ClInclude Include="stmpkg\edkii\basetools\source\c\include\common\UefiBaseTypes.h">
      <Filter>Header Files</Filter>
    </ClInclude>
    <ClInclude Include="stmpkg\edkii\basetools\source\c\include\common\UefiCapsule.h">
      <Filter>Header Files</Filter>
    </ClInclude>
    <ClInclude Include="stmpkg\edkii\basetools\source\c\include\common\UefiInternalFormRepresentation.h">
      <Filter>Header Files</Filter>
    </ClInclude>
    <ClInclude Include="stmpkg\edkii\basetools\source\c\include\common\UefiMultiPhase.h">
      <Filter>Header Files</Filter>
    </ClInclude>
    <ClInclude Include="stmpkg\edkii\basetools\source\c\include\common\VariableFormat.h">
      <Filter>Header Files</Filter>
    </ClInclude>
    <ClInclude Include="stmpkg\edkii\basetools\source\c\include\common\WorkingBlockHeader.h">
      <Filter>Header Files</Filter>
    </ClInclude>
    <ClInclude Include="stmpkg\edkii\basetools\source\c\include\guid\PcAnsi.h">
      <Filter>Header Files</Filter>
    </ClInclude>
    <ClInclude Include="stmpkg\edkii\basetools\source\c\include\guid\PiFirmwareFileSystem.h">
      <Filter>Header Files</Filter>
    </ClInclude>
    <ClInclude Include="stmpkg\edkii\basetools\source\c\include\ia32\ProcessorBind.h">
      <Filter>Header Files</Filter>
    </ClInclude>
    <ClInclude Include="stmpkg\edkii\basetools\source\c\include\industrystandard\Acpi.h">
      <Filter>Header Files</Filter>
    </ClInclude>
    <ClInclude Include="stmpkg\edkii\basetools\source\c\include\industrystandard\Acpi1_0.h">
      <Filter>Header Files</Filter>
    </ClInclude>
    <ClInclude Include="stmpkg\edkii\basetools\source\c\include\industrystandard\Acpi2_0.h">
      <Filter>Header Files</Filter>
    </ClInclude>
    <ClInclude Include="stmpkg\edkii\basetools\source\c\include\industrystandard\Acpi3_0.h">
      <Filter>Header Files</Filter>
    </ClInclude>
    <ClInclude Include="stmpkg\edkii\basetools\source\c\include\industrystandard\EfiPci.h">
      <Filter>Header Files</Filter>
    </ClInclude>
    <ClInclude Include="stmpkg\edkii\basetools\source\c\include\industrystandard\MemoryMappedConfigurationSpaceAccessTable.h">
      <Filter>Header Files</Filter>
    </ClInclude>
    <ClInclude Include="stmpkg\edkii\basetools\source\c\include\industrystandard\pci22.h">
      <Filter>Header Files</Filter>
    </ClInclude>
    <ClInclude Include="stmpkg\edkii\basetools\source\c\include\industrystandard\pci23.h">
      <Filter>Header Files</Filter>
    </ClInclude>
    <ClInclude Include="stmpkg\edkii\basetools\source\c\include\industrystandard\pci30.h">
      <Filter>Header Files</Filter>
    </ClInclude>
    <ClInclude Include="stmpkg\edkii\basetools\source\c\include\industrystandard\PeImage.h">
      <Filter>Header Files</Filter>
    </ClInclude>
    <ClInclude Include="stmpkg\edkii\basetools\source\c\include\protocol\DevicePath.h">
      <Filter>Header Files</Filter>
    </ClInclude>
    <ClInclude Include="stmpkg\edkii\basetools\source\c\include\protocol\GraphicsOutput.h">
      <Filter>Header Files</Filter>
    </ClInclude>
    <ClInclude Include="stmpkg\edkii\basetools\source\c\include\protocol\GuidedSectionExtraction.h">
      <Filter>Header Files</Filter>
    </ClInclude>
    <ClInclude Include="stmpkg\edkii\basetools\source\c\include\protocol\HiiFramework.h">
      <Filter>Header Files</Filter>
    </ClInclude>
    <ClInclude Include="stmpkg\edkii\basetools\source\c\include\protocol\UgaDraw.h">
      <Filter>Header Files</Filter>
    </ClInclude>
    <ClInclude Include="stmpkg\edkii\basetools\source\c\include\x64\ProcessorBind.h">
      <Filter>Header Files</Filter>
    </ClInclude>
    <ClInclude Include="stmpkg\edkii\mdepkg\include\Base.h">
      <Filter>Header Files</Filter>
    </ClInclude>
    <ClInclude Include="stmpkg\edkii\mdepkg\include\ia32\ProcessorBind.h">
      <Filter>Header Files</Filter>
    </ClInclude>
    <ClInclude Include="stmpkg\edkii\mdepkg\include\industrystandard\Acpi.h">
      <Filter>Header Files</Filter>
    </ClInclude>
    <ClInclude Include="stmpkg\edkii\mdepkg\include\industrystandard\Acpi10.h">
      <Filter>Header Files</Filter>
    </ClInclude>
    <ClInclude Include="stmpkg\edkii\mdepkg\include\industrystandard\Acpi20.h">
      <Filter>Header Files</Filter>
    </ClInclude>
    <ClInclude Include="stmpkg\edkii\mdepkg\include\industrystandard\Acpi30.h">
      <Filter>Header Files</Filter>
    </ClInclude>
    <ClInclude Include="stmpkg\edkii\mdepkg\include\industrystandard\Acpi40.h">
      <Filter>Header Files</Filter>
    </ClInclude>
    <ClInclude Include="stmpkg\edkii\mdepkg\include\industrystandard\MemoryMappedConfigurationSpaceAccessTable.h">
      <Filter>Header Files</Filter>
    </ClInclude>
    <ClInclude Include="stmpkg\edkii\mdepkg\include\industrystandard\Pci.h">
      <Filter>Header Files</Filter>
    </ClInclude>
    <ClInclude Include="stmpkg\edkii\mdepkg\include\industrystandard\Pci22.h">
      <Filter>Header Files</Filter>
    </ClInclude>
    <ClInclude Include="stmpkg\edkii\mdepkg\include\industrystandard\Pci23.h">
      <Filter>Header Files</Filter>
    </ClInclude>
    <ClInclude Include="stmpkg\edkii\mdepkg\include\industrystandard\Pci30.h">
      <Filter>Header Files</Filter>
    </ClInclude>
    <ClInclude Include="stmpkg\edkii\mdepkg\include\industrystandard\PciExpress21.h">
      <Filter>Header Files</Filter>
    </ClInclude>
    <ClInclude Include="stmpkg\edkii\mdepkg\include\industrystandard\PeImage.h">
      <Filter>Header Files</Filter>
    </ClInclude>
    <ClInclude Include="stmpkg\edkii\mdepkg\include\library\BaseLib.h">
      <Filter>Header Files</Filter>
    </ClInclude>
    <ClInclude Include="stmpkg\edkii\mdepkg\include\library\BaseMemoryLib.h">
      <Filter>Header Files</Filter>
    </ClInclude>
    <ClInclude Include="stmpkg\edkii\mdepkg\include\library\DebugLib.h">
      <Filter>Header Files</Filter>
    </ClInclude>
    <ClInclude Include="stmpkg\edkii\mdepkg\include\library\IoLib.h">
      <Filter>Header Files</Filter>
    </ClInclude>
    <ClInclude Include="stmpkg\edkii\mdepkg\include\library\PcdLib.h">
      <Filter>Header Files</Filter>
    </ClInclude>
    <ClInclude Include="stmpkg\edkii\mdepkg\include\library\PciCf8Lib.h">
      <Filter>Header Files</Filter>
    </ClInclude>
    <ClInclude Include="stmpkg\edkii\mdepkg\include\library\PciExpressLib.h">
      <Filter>Header Files</Filter>
    </ClInclude>
    <ClInclude Include="stmpkg\edkii\mdepkg\include\library\PciLib.h">
      <Filter>Header Files</Filter>
    </ClInclude>
    <ClInclude Include="stmpkg\edkii\mdepkg\include\library\PrintLib.h">
      <Filter>Header Files</Filter>
    </ClInclude>
    <ClInclude Include="stmpkg\edkii\mdepkg\include\library\SerialPortLib.h">
      <Filter>Header Files</Filter>
    </ClInclude>
    <ClInclude Include="stmpkg\edkii\mdepkg\include\library\SynchronizationLib.h">
      <Filter>Header Files</Filter>
    </ClInclude>
    <ClInclude Include="stmpkg\edkii\mdepkg\include\protocol\DebugSupport.h">
      <Filter>Header Files</Filter>
    </ClInclude>
    <ClInclude Include="stmpkg\edkii\mdepkg\include\x64\ProcessorBind.h">
      <Filter>Header Files</Filter>
    </ClInclude>
    <ClInclude Include="stmpkg\edkii\mdepkg\library\baseiolibintrinsic\BaseIoLibIntrinsicInternal.h">
      <Filter>Header Files</Filter>
    </ClInclude>
    <ClInclude Include="stmpkg\edkii\mdepkg\library\baselib\BaseLibInternals.h">
      <Filter>Header Files</Filter>
    </ClInclude>
    <ClInclude Include="stmpkg\edkii\mdepkg\library\basememorylib\MemLibInternals.h">
      <Filter>Header Files</Filter>
    </ClInclude>
    <ClInclude Include="stmpkg\edkii\mdepkg\library\baseprintlib\PrintLibInternal.h">
      <Filter>Header Files</Filter>
    </ClInclude>
    <ClInclude Include="stmpkg\include\StmApi.h">
      <Filter>Header Files</Filter>
    </ClInclude>
    <ClInclude Include="stmpkg\include\ia32\CpuArchSpecific.h">
      <Filter>Header Files</Filter>
    </ClInclude>
    <ClInclude Include="stmpkg\include\library\Smx.h">
      <Filter>Header Files</Filter>
    </ClInclude>
    <ClInclude Include="stmpkg\include\library\StmLib.h">
      <Filter>Header Files</Filter>
    </ClInclude>
    <ClInclude Include="stmpkg\include\library\Vmx.h">
      <Filter>Header Files</Filter>
    </ClInclude>
    <ClInclude Include="stmpkg\include\x64\CpuArchSpecific.h">
      <Filter>Header Files</Filter>
    </ClInclude>
    <ClInclude Include="stmpkg\library\simplesynchronizationlib\BaseSynchronizationLibInternals.h">
      <Filter>Header Files</Filter>
    </ClInclude>
    <ClInclude Include="stmpkg\tool\genstm\GenStm.h">
      <Filter>Header Files</Filter>
    </ClInclude>
    <ClInclude Include="StmPkg\Core\Runtime\StmPe.h">
      <Filter>Header Files</Filter>
    </ClInclude>
    <ClInclude Include="StmPkg\Core\Runtime\StmLoadPeVm.h">
      <Filter>Header Files</Filter>
    </ClInclude>
  </ItemGroup>
</Project>